
Microsoft Visual Studio Solution File, Format Version 12.00
# Visual Studio Version 17
VisualStudioVersion = 17.8.34525.116
MinimumVisualStudioVersion = 10.0.40219.1
Project("{FAE04EC0-301F-11D3-BF4B-00C04F79EFBC}") = "e-commerce", "e-commerce\e-commerce.csproj", "{0B1E9759-D428-4012-8A33-9D350210A4A5}"
EndProject
Global
	GlobalSection(SolutionConfigurationPlatforms) = preSolution
		Debug|Any CPU = Debug|Any CPU
		Release|Any CPU = Release|Any CPU
	EndGlobalSection
	GlobalSection(ProjectConfigurationPlatforms) = postSolution
		{0B1E9759-D428-4012-8A33-9D350210A4A5}.Debug|Any CPU.ActiveCfg = Debug|Any CPU
		{0B1E9759-D428-4012-8A33-9D350210A4A5}.Debug|Any CPU.Build.0 = Debug|Any CPU
		{0B1E9759-D428-4012-8A33-9D350210A4A5}.Release|Any CPU.ActiveCfg = Release|Any CPU
		{0B1E9759-D428-4012-8A33-9D350210A4A5}.Release|Any CPU.Build.0 = Release|Any CPU
	EndGlobalSection
	GlobalSection(SolutionProperties) = preSolution
		HideSolutionNode = FALSE
	EndGlobalSection
	GlobalSection(ExtensibilityGlobals) = postSolution
		SolutionGuid = {EB23115C-F7F2-477F-956E-DA1200FB370C}
	EndGlobalSection
EndGlobal
